Microsoft Visual Studio Solution File, Format Version 12.00
# Visual Studio Version 17
VisualStudioVersion = 17.5.2.0
MinimumVisualStudioVersion = 10.0.40219.1
Project("{FAE04EC0-301F-11D3-BF4B-00C04F79EFBC}") = "SportSystem", "SportSystem.csproj", "{1520D034-08FD-F36C-E572-632EE5926411}"
EndProject
Global
	GlobalSection(SolutionConfigurationPlatforms) = preSolution
		Debug|Any CPU = Debug|Any CPU
		Release|Any CPU = Release|Any CPU
	EndGlobalSection
	GlobalSection(ProjectConfigurationPlatforms) = postSolution
		{1520D034-08FD-F36C-E572-632EE5926411}.Debug|Any CPU.ActiveCfg = Debug|Any CPU
		{1520D034-08FD-F36C-E572-632EE5926411}.Debug|Any CPU.Build.0 = Debug|Any CPU
		{1520D034-08FD-F36C-E572-632EE5926411}.Release|Any CPU.ActiveCfg = Release|Any CPU
		{1520D034-08FD-F36C-E572-632EE5926411}.Release|Any CPU.Build.0 = Release|Any CPU
	EndGlobalSection
	GlobalSection(SolutionProperties) = preSolution
		HideSolutionNode = FALSE
	EndGlobalSection
	GlobalSection(ExtensibilityGlobals) = postSolution
		SolutionGuid = {A41B9BB4-17C3-474B-A129-C9BC1FA2BD33}
	EndGlobalSection
EndGlobal
