
Microsoft Visual Studio Solution File, Format Version 12.00
# Visual Studio Version 17
VisualStudioVersion = 17.13.35913.81 d17.13
MinimumVisualStudioVersion = 10.0.40219.1
Project("{8BC9CEB8-8B4A-11D0-8D11-00A0C91BC942}") = "parcial01", "parcial01\parcial01.vcxproj", "{F0B8C2DC-317D-4ACF-AF97-2590A7D82953}"
EndProject
Global
	GlobalSection(SolutionConfigurationPlatforms) = preSolution
		Debug|x64 = Debug|x64
		Debug|x86 = Debug|x86
		Release|x64 = Release|x64
		Release|x86 = Release|x86
	EndGlobalSection
	GlobalSection(ProjectConfigurationPlatforms) = postSolution
		{F0B8C2DC-317D-4ACF-AF97-2590A7D82953}.Debug|x64.ActiveCfg = Debug|x64
		{F0B8C2DC-317D-4ACF-AF97-2590A7D82953}.Debug|x64.Build.0 = Debug|x64
		{F0B8C2DC-317D-4ACF-AF97-2590A7D82953}.Debug|x86.ActiveCfg = Debug|Win32
		{F0B8C2DC-317D-4ACF-AF97-2590A7D82953}.Debug|x86.Build.0 = Debug|Win32
		{F0B8C2DC-317D-4ACF-AF97-2590A7D82953}.Release|x64.ActiveCfg = Release|x64
		{F0B8C2DC-317D-4ACF-AF97-2590A7D82953}.Release|x64.Build.0 = Release|x64
		{F0B8C2DC-317D-4ACF-AF97-2590A7D82953}.Release|x86.ActiveCfg = Release|Win32
		{F0B8C2DC-317D-4ACF-AF97-2590A7D82953}.Release|x86.Build.0 = Release|Win32
	EndGlobalSection
	GlobalSection(SolutionProperties) = preSolution
		HideSolutionNode = FALSE
	EndGlobalSection
	GlobalSection(ExtensibilityGlobals) = postSolution
		SolutionGuid = {B022E303-3396-42DF-961D-C8A692DFF84A}
	EndGlobalSection
EndGlobal
